
Microsoft Visual Studio Solution File, Format Version 12.00
# Visual Studio 15
VisualStudioVersion = 15.0.27004.2005
MinimumVisualStudioVersion = 10.0.40219.1
Project("{FAE04EC0-301F-11D3-BF4B-00C04F79EFBC}") = "trymgmt", "trymgmt\trymgmt.csproj", "{0966F8F4-EBC4-4BE6-8F20-367C83880528}"
EndProject
Global
	GlobalSection(SolutionConfigurationPlatforms) = preSolution
		Debug|Any CPU = Debug|Any CPU
		Release|Any CPU = Release|Any CPU
	EndGlobalSection
	GlobalSection(ProjectConfigurationPlatforms) = postSolution
		{0966F8F4-EBC4-4BE6-8F20-367C83880528}.Debug|Any CPU.ActiveCfg = Debug|Any CPU
		{0966F8F4-EBC4-4BE6-8F20-367C83880528}.Debug|Any CPU.Build.0 = Debug|Any CPU
		{0966F8F4-EBC4-4BE6-8F20-367C83880528}.Release|Any CPU.ActiveCfg = Release|Any CPU
		{0966F8F4-EBC4-4BE6-8F20-367C83880528}.Release|Any CPU.Build.0 = Release|Any CPU
	EndGlobalSection
	GlobalSection(SolutionProperties) = preSolution
		HideSolutionNode = FALSE
	EndGlobalSection
	GlobalSection(ExtensibilityGlobals) = postSolution
		SolutionGuid = {D9EB4FD7-6C16-4E9A-998B-67005C311538}
	EndGlobalSection
	GlobalSection(TeamFoundationVersionControl) = preSolution
		SccNumberOfProjects = 2
		SccEnterpriseProvider = {4CA58AB2-18FA-4F8D-95D4-32DDF27D184C}
		SccTeamFoundationServer = https://ms-exchanger.visualstudio.com/
		SccLocalPath0 = .
		SccProjectUniqueName1 = trymgmt\\trymgmt.csproj
		SccProjectName1 = trymgmt
		SccLocalPath1 = trymgmt
	EndGlobalSection
EndGlobal
